
Microsoft Visual Studio Solution File, Format Version 12.00
# Visual Studio Version 17
VisualStudioVersion = 17.3.32929.385
MinimumVisualStudioVersion = 10.0.40219.1
Project("{FAE04EC0-301F-11D3-BF4B-00C04F79EFBC}") = "Реалізація патерну Адаптер", "Реалізація патерну Адаптер\Реалізація патерну Адаптер.csproj", "{D16BCA69-7C95-4436-A526-70E8D8509A59}"
EndProject
Global
	GlobalSection(SolutionConfigurationPlatforms) = preSolution
		Debug|Any CPU = Debug|Any CPU
		Release|Any CPU = Release|Any CPU
	EndGlobalSection
	GlobalSection(ProjectConfigurationPlatforms) = postSolution
		{D16BCA69-7C95-4436-A526-70E8D8509A59}.Debug|Any CPU.ActiveCfg = Debug|Any CPU
		{D16BCA69-7C95-4436-A526-70E8D8509A59}.Debug|Any CPU.Build.0 = Debug|Any CPU
		{D16BCA69-7C95-4436-A526-70E8D8509A59}.Release|Any CPU.ActiveCfg = Release|Any CPU
		{D16BCA69-7C95-4436-A526-70E8D8509A59}.Release|Any CPU.Build.0 = Release|Any CPU
	EndGlobalSection
	GlobalSection(SolutionProperties) = preSolution
		HideSolutionNode = FALSE
	EndGlobalSection
	GlobalSection(ExtensibilityGlobals) = postSolution
		SolutionGuid = {6660029B-287F-43DD-8353-181362B104C6}
	EndGlobalSection
EndGlobal
